{
  "name": "nhs-home-test-service",
  "version": "0.0.1",
  "lockfileVersion": 3,
  "requires": true,
  "packages": {
    "": {
      "name": "nhs-home-test-service",
      "version": "0.0.1",
      "hasInstallScript": true,
      "devDependencies": {
        "@types/node": "^24.10.13",
        "typescript": "^5.9.3"
      }
    }
  }
}
